
Microsoft Visual Studio Solution File, Format Version 12.00
# Visual Studio 2012
Project("{F2A71F9B-5D33-465A-A702-920D77279786}") = "IntelliFactory.TypeScript", "IntelliFactory.TypeScript\IntelliFactory.TypeScript.fsproj", "{F5F2F4FA-524C-47F5-848A-86D8060B8D67}"
EndProject
Project("{2150E333-8FDC-42A3-9474-1A3956D46DE8}") = "Solution Items", "Solution Items", "{12BFF6DB-76F2-40B2-B9D0-7B5B6544D360}"
	ProjectSection(SolutionItems) = preProject
		ivy.xml = ivy.xml
	EndProjectSection
EndProject
Project("{2150E333-8FDC-42A3-9474-1A3956D46DE8}") = ".nuget", ".nuget", "{8CA8F25F-FAF6-4B22-B770-92ABD34EBD5E}"
	ProjectSection(SolutionItems) = preProject
		.nuget\packages.config = .nuget\packages.config
	EndProjectSection
EndProject
Global
	GlobalSection(SolutionConfigurationPlatforms) = preSolution
		Debug|Any CPU = Debug|Any CPU
		Release|Any CPU = Release|Any CPU
	EndGlobalSection
	GlobalSection(ProjectConfigurationPlatforms) = postSolution
		{F5F2F4FA-524C-47F5-848A-86D8060B8D67}.Debug|Any CPU.ActiveCfg = Debug|Any CPU
		{F5F2F4FA-524C-47F5-848A-86D8060B8D67}.Debug|Any CPU.Build.0 = Debug|Any CPU
		{F5F2F4FA-524C-47F5-848A-86D8060B8D67}.Release|Any CPU.ActiveCfg = Release|Any CPU
		{F5F2F4FA-524C-47F5-848A-86D8060B8D67}.Release|Any CPU.Build.0 = Release|Any CPU
	EndGlobalSection
	GlobalSection(SolutionProperties) = preSolution
		HideSolutionNode = FALSE
	EndGlobalSection
EndGlobal
