
Microsoft Visual Studio Solution File, Format Version 12.00
# Visual Studio Express 2012 for Web
Project("{2150E333-8FDC-42A3-9474-1A3956D46DE8}") = "Root", "Root", "{6DF6E294-0785-47E0-8AB9-3311307E1557}"
	ProjectSection(SolutionItems) = preProject
		.hgignore = .hgignore
		Build.fsx = Build.fsx
	EndProjectSection
EndProject
Project("{F2A71F9B-5D33-465A-A702-920D77279786}") = "IntelliFactory.WebSharper.TypeScript", "IntelliFactory.WebSharper.TypeScript\IntelliFactory.WebSharper.TypeScript.fsproj", "{E7666B0F-B8FD-4147-87E8-A9100223A6F1}"
EndProject
Global
	GlobalSection(SolutionConfigurationPlatforms) = preSolution
		Debug|Any CPU = Debug|Any CPU
	EndGlobalSection
	GlobalSection(ProjectConfigurationPlatforms) = postSolution
		{E7666B0F-B8FD-4147-87E8-A9100223A6F1}.Debug|Any CPU.ActiveCfg = Debug|Any CPU
		{E7666B0F-B8FD-4147-87E8-A9100223A6F1}.Debug|Any CPU.Build.0 = Debug|Any CPU
	EndGlobalSection
	GlobalSection(SolutionProperties) = preSolution
		HideSolutionNode = FALSE
	EndGlobalSection
EndGlobal
