
Microsoft Visual Studio Solution File, Format Version 12.00
# Visual Studio Express 2013 for Web
VisualStudioVersion = 12.0.30324.0
MinimumVisualStudioVersion = 10.0.40219.1
Project("{2150E333-8FDC-42A3-9474-1A3956D46DE8}") = "_", "_", "{6DF6E294-0785-47E0-8AB9-3311307E1557}"
	ProjectSection(SolutionItems) = preProject
		.hgignore = .hgignore
		build.cmd = build.cmd
		Build.fsx = Build.fsx
		README.md = README.md
		WebSharper.TypeScript.Lib.nuspec = WebSharper.TypeScript.Lib.nuspec
		WebSharper.TypeScript.nuspec = WebSharper.TypeScript.nuspec
	EndProjectSection
EndProject
Project("{F2A71F9B-5D33-465A-A702-920D77279786}") = "WebSharper.TypeScript", "main\WebSharper.TypeScript.fsproj", "{E7666B0F-B8FD-4147-87E8-A9100223A6F1}"
EndProject
Project("{F2A71F9B-5D33-465A-A702-920D77279786}") = "WebSharper.TypeScript.Tests", "tests\WebSharper.TypeScript.Tests.fsproj", "{1FEF4CF6-91C4-4E83-B990-3FF27CE54D37}"
EndProject
Project("{2150E333-8FDC-42A3-9474-1A3956D46DE8}") = "msbuild", "msbuild", "{BDB6BFB2-7C83-4116-967C-5AE1811254D0}"
	ProjectSection(SolutionItems) = preProject
		msbuild\AssemblyInfo.fs = msbuild\AssemblyInfo.fs
		msbuild\FSharp.targets = msbuild\FSharp.targets
		msbuild\Main.proj = msbuild\Main.proj
		msbuild\WebSharper.TypeScript.targets = msbuild\WebSharper.TypeScript.targets
	EndProjectSection
EndProject
Project("{2150E333-8FDC-42A3-9474-1A3956D46DE8}") = "scripts", "scripts", "{A2E98BB6-DB13-4716-89A9-E134215C1D5A}"
	ProjectSection(SolutionItems) = preProject
		scripts\buildLib.fsx = scripts\buildLib.fsx
		scripts\Lib.d.ts = scripts\Lib.d.ts
		scripts\prepareTests.fsx = scripts\prepareTests.fsx
		scripts\runTests.fsx = scripts\runTests.fsx
	EndProjectSection
EndProject
Project("{F2A71F9B-5D33-465A-A702-920D77279786}") = "WebSharper.TSC", "exe\WebSharper.TSC.fsproj", "{63510D0C-4591-440B-BB71-96C37D58D8E0}"
EndProject
Project("{F2A71F9B-5D33-465A-A702-920D77279786}") = "WebSharper.TypeScript.MSBuild", "msbuild-tasks\WebSharper.TypeScript.MSBuild.fsproj", "{D936C3E8-6F01-468B-BE56-8981F32FE860}"
EndProject
Project("{2150E333-8FDC-42A3-9474-1A3956D46DE8}") = "templates", "templates", "{50449B79-CA5E-45BD-9E25-7322FC7EC6BB}"
EndProject
Project("{2150E333-8FDC-42A3-9474-1A3956D46DE8}") = "ts-library", "ts-library", "{463082D8-0AA7-4D6E-B854-679738850130}"
	ProjectSection(SolutionItems) = preProject
		templates\ts-library\Main.d.ts = templates\ts-library\Main.d.ts
		templates\ts-library\TypeScriptLibrary.fsproj = templates\ts-library\TypeScriptLibrary.fsproj
	EndProjectSection
EndProject
Project("{F2A71F9B-5D33-465A-A702-920D77279786}") = "Builder", "builder\Builder.fsproj", "{732043B7-2D87-4570-A978-FA783B655154}"
EndProject
Global
	GlobalSection(SolutionConfigurationPlatforms) = preSolution
		Debug|Any CPU = Debug|Any CPU
		Release|Any CPU = Release|Any CPU
	EndGlobalSection
	GlobalSection(ProjectConfigurationPlatforms) = postSolution
		{E7666B0F-B8FD-4147-87E8-A9100223A6F1}.Debug|Any CPU.ActiveCfg = Debug|Any CPU
		{E7666B0F-B8FD-4147-87E8-A9100223A6F1}.Debug|Any CPU.Build.0 = Debug|Any CPU
		{E7666B0F-B8FD-4147-87E8-A9100223A6F1}.Release|Any CPU.ActiveCfg = Debug|Any CPU
		{E7666B0F-B8FD-4147-87E8-A9100223A6F1}.Release|Any CPU.Build.0 = Debug|Any CPU
		{1FEF4CF6-91C4-4E83-B990-3FF27CE54D37}.Debug|Any CPU.ActiveCfg = Debug|Any CPU
		{1FEF4CF6-91C4-4E83-B990-3FF27CE54D37}.Debug|Any CPU.Build.0 = Debug|Any CPU
		{1FEF4CF6-91C4-4E83-B990-3FF27CE54D37}.Release|Any CPU.ActiveCfg = Debug|Any CPU
		{1FEF4CF6-91C4-4E83-B990-3FF27CE54D37}.Release|Any CPU.Build.0 = Debug|Any CPU
		{63510D0C-4591-440B-BB71-96C37D58D8E0}.Debug|Any CPU.ActiveCfg = Debug|Any CPU
		{63510D0C-4591-440B-BB71-96C37D58D8E0}.Debug|Any CPU.Build.0 = Debug|Any CPU
		{63510D0C-4591-440B-BB71-96C37D58D8E0}.Release|Any CPU.ActiveCfg = Debug|Any CPU
		{63510D0C-4591-440B-BB71-96C37D58D8E0}.Release|Any CPU.Build.0 = Debug|Any CPU
		{D936C3E8-6F01-468B-BE56-8981F32FE860}.Debug|Any CPU.ActiveCfg = Debug|Any CPU
		{D936C3E8-6F01-468B-BE56-8981F32FE860}.Debug|Any CPU.Build.0 = Debug|Any CPU
		{D936C3E8-6F01-468B-BE56-8981F32FE860}.Release|Any CPU.ActiveCfg = Release|Any CPU
		{D936C3E8-6F01-468B-BE56-8981F32FE860}.Release|Any CPU.Build.0 = Release|Any CPU
		{732043B7-2D87-4570-A978-FA783B655154}.Debug|Any CPU.ActiveCfg = Debug|Any CPU
		{732043B7-2D87-4570-A978-FA783B655154}.Debug|Any CPU.Build.0 = Debug|Any CPU
		{732043B7-2D87-4570-A978-FA783B655154}.Release|Any CPU.ActiveCfg = Release|Any CPU
		{732043B7-2D87-4570-A978-FA783B655154}.Release|Any CPU.Build.0 = Release|Any CPU
	EndGlobalSection
	GlobalSection(SolutionProperties) = preSolution
		HideSolutionNode = FALSE
	EndGlobalSection
	GlobalSection(NestedProjects) = preSolution
		{463082D8-0AA7-4D6E-B854-679738850130} = {50449B79-CA5E-45BD-9E25-7322FC7EC6BB}
	EndGlobalSection
EndGlobal
