
Microsoft Visual Studio Solution File, Format Version 12.00
# Visual Studio Express 2012 for Web
Project("{2150E333-8FDC-42A3-9474-1A3956D46DE8}") = "_", "_", "{6DF6E294-0785-47E0-8AB9-3311307E1557}"
	ProjectSection(SolutionItems) = preProject
		.hgignore = .hgignore
		Build.fsx = Build.fsx
		README.md = README.md
	EndProjectSection
EndProject
Project("{F2A71F9B-5D33-465A-A702-920D77279786}") = "IntelliFactory.WebSharper.TypeScript", "main\IntelliFactory.WebSharper.TypeScript.fsproj", "{E7666B0F-B8FD-4147-87E8-A9100223A6F1}"
EndProject
Project("{F2A71F9B-5D33-465A-A702-920D77279786}") = "IntelliFactory.WebSharper.TypeScript.Tests", "tests\IntelliFactory.WebSharper.TypeScript.Tests.fsproj", "{1FEF4CF6-91C4-4E83-B990-3FF27CE54D37}"
EndProject
Project("{2150E333-8FDC-42A3-9474-1A3956D46DE8}") = "msbuild", "msbuild", "{BDB6BFB2-7C83-4116-967C-5AE1811254D0}"
	ProjectSection(SolutionItems) = preProject
		msbuild\WebSharper.TypeScript.targets = msbuild\WebSharper.TypeScript.targets
	EndProjectSection
EndProject
Project("{2150E333-8FDC-42A3-9474-1A3956D46DE8}") = "scripts", "scripts", "{A2E98BB6-DB13-4716-89A9-E134215C1D5A}"
	ProjectSection(SolutionItems) = preProject
		scripts\buildLib.fsx = scripts\buildLib.fsx
		scripts\Lib.d.ts = scripts\Lib.d.ts
		scripts\prepareTests.fsx = scripts\prepareTests.fsx
		scripts\runTests.fsx = scripts\runTests.fsx
	EndProjectSection
EndProject
Global
	GlobalSection(SolutionConfigurationPlatforms) = preSolution
		Debug|Any CPU = Debug|Any CPU
		Release|Any CPU = Release|Any CPU
	EndGlobalSection
	GlobalSection(ProjectConfigurationPlatforms) = postSolution
		{E7666B0F-B8FD-4147-87E8-A9100223A6F1}.Debug|Any CPU.ActiveCfg = Debug|Any CPU
		{E7666B0F-B8FD-4147-87E8-A9100223A6F1}.Debug|Any CPU.Build.0 = Debug|Any CPU
		{E7666B0F-B8FD-4147-87E8-A9100223A6F1}.Release|Any CPU.ActiveCfg = Debug|Any CPU
		{E7666B0F-B8FD-4147-87E8-A9100223A6F1}.Release|Any CPU.Build.0 = Debug|Any CPU
		{1FEF4CF6-91C4-4E83-B990-3FF27CE54D37}.Debug|Any CPU.ActiveCfg = Debug|Any CPU
		{1FEF4CF6-91C4-4E83-B990-3FF27CE54D37}.Debug|Any CPU.Build.0 = Debug|Any CPU
		{1FEF4CF6-91C4-4E83-B990-3FF27CE54D37}.Release|Any CPU.ActiveCfg = Debug|Any CPU
		{1FEF4CF6-91C4-4E83-B990-3FF27CE54D37}.Release|Any CPU.Build.0 = Debug|Any CPU
	EndGlobalSection
	GlobalSection(SolutionProperties) = preSolution
		HideSolutionNode = FALSE
	EndGlobalSection
EndGlobal
